// !$*UTF8*$!
{
	archiveVersion = 1;
	classes = {
	};
	objectVersion = 50;
	objects = {

/* Begin PBXBuildFile section */
		3FD7736D2448FDEA00C9CC90 /* RWPickFlavor.h in Headers */ = {isa = PBXBuildFile; fileRef = 3FD7736B2448FDEA00C9CC90 /* RWPickFlavor.h */; settings = {ATTRIBUTES = (Public, ); }; };
		3FD77380244900A400C9CC90 /* Images.xcassets in Resources */ = {isa = PBXBuildFile; fileRef = 3FD77374244900A400C9CC90 /* Images.xcassets */; };
		3FD77381244900A400C9CC90 /* PickFlavorViewController.swift in Sources */ = {isa = PBXBuildFile; fileRef = 3FD77376244900A400C9CC90 /* PickFlavorViewController.swift */; };
		3FD77382244900A400C9CC90 /* PickFlavorDataSource.swift in Sources */ = {isa = PBXBuildFile; fileRef = 3FD77377244900A400C9CC90 /* PickFlavorDataSource.swift */; };
		3FD77383244900A400C9CC90 /* ScoopCell.swift in Sources */ = {isa = PBXBuildFile; fileRef = 3FD77379244900A400C9CC90 /* ScoopCell.swift */; };
		3FD77384244900A400C9CC90 /* ScoopView.swift in Sources */ = {isa = PBXBuildFile; fileRef = 3FD7737A244900A400C9CC90 /* ScoopView.swift */; };
		3FD77385244900A400C9CC90 /* Main.storyboard in Resources */ = {isa = PBXBuildFile; fileRef = 3FD7737B244900A400C9CC90 /* Main.storyboard */; };
		3FD77386244900A400C9CC90 /* IceCreamView.swift in Sources */ = {isa = PBXBuildFile; fileRef = 3FD7737D244900A400C9CC90 /* IceCreamView.swift */; };
		3FD77387244900A400C9CC90 /* RGBAColorFromString.swift in Sources */ = {isa = PBXBuildFile; fileRef = 3FD7737F244900A400C9CC90 /* RGBAColorFromString.swift */; };
		4BB58743918116B4F5EF5D38 /* libPods-RWPickFlavor.a in Frameworks */ = {isa = PBXBuildFile; fileRef = 687CF28F70DE8FF98B50C811 /* libPods-RWPickFlavor.a */; };
/* End PBXBuildFile section */

/* Begin PBXFileReference section */
		3FD773682448FDEA00C9CC90 /* RWPickFlavor.framework */ = {isa = PBXFileReference; explicitFileType = wrapper.framework; includeInIndex = 0; path = RWPickFlavor.framework; sourceTree = BUILT_PRODUCTS_DIR; };
		3FD7736B2448FDEA00C9CC90 /* RWPickFlavor.h */ = {isa = PBXFileReference; lastKnownFileType = sourcecode.c.h; path = RWPickFlavor.h; sourceTree = "<group>"; };
		3FD7736C2448FDEA00C9CC90 /* Info.plist */ = {isa = PBXFileReference; lastKnownFileType = text.plist.xml; path = Info.plist; sourceTree = "<group>"; };
		3FD77374244900A400C9CC90 /* Images.xcassets */ = {isa = PBXFileReference; lastKnownFileType = folder.assetcatalog; path = Images.xcassets; sourceTree = "<group>"; };
		3FD77376244900A400C9CC90 /* PickFlavorViewController.swift */ = {isa = PBXFileReference; fileEncoding = 4; lastKnownFileType = sourcecode.swift; path = PickFlavorViewController.swift; sourceTree = "<group>"; };
		3FD77377244900A400C9CC90 /* PickFlavorDataSource.swift */ = {isa = PBXFileReference; fileEncoding = 4; lastKnownFileType = sourcecode.swift; path = PickFlavorDataSource.swift; sourceTree = "<group>"; };
		3FD77379244900A400C9CC90 /* ScoopCell.swift */ = {isa = PBXFileReference; fileEncoding = 4; lastKnownFileType = sourcecode.swift; path = ScoopCell.swift; sourceTree = "<group>"; };
		3FD7737A244900A400C9CC90 /* ScoopView.swift */ = {isa = PBXFileReference; fileEncoding = 4; lastKnownFileType = sourcecode.swift; path = ScoopView.swift; sourceTree = "<group>"; };
		3FD7737C244900A400C9CC90 /* Base */ = {isa = PBXFileReference; lastKnownFileType = file.storyboard; name = Base; path = Base.lproj/Main.storyboard; sourceTree = "<group>"; };
		3FD7737D244900A400C9CC90 /* IceCreamView.swift */ = {isa = PBXFileReference; fileEncoding = 4; lastKnownFileType = sourcecode.swift; path = IceCreamView.swift; sourceTree = "<group>"; };
		3FD7737F244900A400C9CC90 /* RGBAColorFromString.swift */ = {isa = PBXFileReference; fileEncoding = 4; lastKnownFileType = sourcecode.swift; path = RGBAColorFromString.swift; sourceTree = "<group>"; };
		591953A07544CB38AFD9BC30 /* Pods-RWPickFlavor.debug.xcconfig */ = {isa = PBXFileReference; includeInIndex = 1; lastKnownFileType = text.xcconfig; name = "Pods-RWPickFlavor.debug.xcconfig"; path = "Target Support Files/Pods-RWPickFlavor/Pods-RWPickFlavor.debug.xcconfig"; sourceTree = "<group>"; };
		687CF28F70DE8FF98B50C811 /* libPods-RWPickFlavor.a */ = {isa = PBXFileReference; explicitFileType = archive.ar; includeInIndex = 0; path = "libPods-RWPickFlavor.a"; sourceTree = BUILT_PRODUCTS_DIR; };
		D07B5954F3944036EF812DBA /* Pods-RWPickFlavor.release.xcconfig */ = {isa = PBXFileReference; includeInIndex = 1; lastKnownFileType = text.xcconfig; name = "Pods-RWPickFlavor.release.xcconfig"; path = "Target Support Files/Pods-RWPickFlavor/Pods-RWPickFlavor.release.xcconfig"; sourceTree = "<group>"; };
/* End PBXFileReference section */

/* Begin PBXFrameworksBuildPhase section */
		3FD773652448FDEA00C9CC90 /* Frameworks */ = {
			isa = PBXFrameworksBuildPhase;
			buildActionMask = 2147483647;
			files = (
				4BB58743918116B4F5EF5D38 /* libPods-RWPickFlavor.a in Frameworks */,
			);
			runOnlyForDeploymentPostprocessing = 0;
		};
/* End PBXFrameworksBuildPhase section */

/* Begin PBXGroup section */
		3FD7735E2448FDEA00C9CC90 = {
			isa = PBXGroup;
			children = (
				3FD7736A2448FDEA00C9CC90 /* RWPickFlavor */,
				3FD773692448FDEA00C9CC90 /* Products */,
				EF7DDDE8420C03418DDA9748 /* Pods */,
				F12D5BAE8FBBF7ADBB4672BB /* Frameworks */,
			);
			sourceTree = "<group>";
		};
		3FD773692448FDEA00C9CC90 /* Products */ = {
			isa = PBXGroup;
			children = (
				3FD773682448FDEA00C9CC90 /* RWPickFlavor.framework */,
			);
			name = Products;
			sourceTree = "<group>";
		};
		3FD7736A2448FDEA00C9CC90 /* RWPickFlavor */ = {
			isa = PBXGroup;
			children = (
				3FD7737E244900A400C9CC90 /* Categories */,
				3FD77375244900A400C9CC90 /* Controllers */,
				3FD77373244900A400C9CC90 /* Resources */,
				3FD77378244900A400C9CC90 /* Views */,
				3FD7736B2448FDEA00C9CC90 /* RWPickFlavor.h */,
				3FD7736C2448FDEA00C9CC90 /* Info.plist */,
			);
			path = RWPickFlavor;
			sourceTree = "<group>";
		};
		3FD77373244900A400C9CC90 /* Resources */ = {
			isa = PBXGroup;
			children = (
				3FD77374244900A400C9CC90 /* Images.xcassets */,
			);
			path = Resources;
			sourceTree = "<group>";
		};
		3FD77375244900A400C9CC90 /* Controllers */ = {
			isa = PBXGroup;
			children = (
				3FD77376244900A400C9CC90 /* PickFlavorViewController.swift */,
				3FD77377244900A400C9CC90 /* PickFlavorDataSource.swift */,
			);
			path = Controllers;
			sourceTree = "<group>";
		};
		3FD77378244900A400C9CC90 /* Views */ = {
			isa = PBXGroup;
			children = (
				3FD77379244900A400C9CC90 /* ScoopCell.swift */,
				3FD7737A244900A400C9CC90 /* ScoopView.swift */,
				3FD7737B244900A400C9CC90 /* Main.storyboard */,
				3FD7737D244900A400C9CC90 /* IceCreamView.swift */,
			);
			path = Views;
			sourceTree = "<group>";
		};
		3FD7737E244900A400C9CC90 /* Categories */ = {
			isa = PBXGroup;
			children = (
				3FD7737F244900A400C9CC90 /* RGBAColorFromString.swift */,
			);
			path = Categories;
			sourceTree = "<group>";
		};
		EF7DDDE8420C03418DDA9748 /* Pods */ = {
			isa = PBXGroup;
			children = (
				591953A07544CB38AFD9BC30 /* Pods-RWPickFlavor.debug.xcconfig */,
				D07B5954F3944036EF812DBA /* Pods-RWPickFlavor.release.xcconfig */,
			);
			path = Pods;
			sourceTree = "<group>";
		};
		F12D5BAE8FBBF7ADBB4672BB /* Frameworks */ = {
			isa = PBXGroup;
			children = (
				687CF28F70DE8FF98B50C811 /* libPods-RWPickFlavor.a */,
			);
			name = Frameworks;
			sourceTree = "<group>";
		};
/* End PBXGroup section */

/* Begin PBXHeadersBuildPhase section */
		3FD773632448FDEA00C9CC90 /* Headers */ = {
			isa = PBXHeadersBuildPhase;
			buildActionMask = 2147483647;
			files = (
				3FD7736D2448FDEA00C9CC90 /* RWPickFlavor.h in Headers */,
			);
			runOnlyForDeploymentPostprocessing = 0;
		};
/* End PBXHeadersBuildPhase section */

/* Begin PBXNativeTarget section */
		3FD773672448FDEA00C9CC90 /* RWPickFlavor */ = {
			isa = PBXNativeTarget;
			buildConfigurationList = 3FD773702448FDEA00C9CC90 /* Build configuration list for PBXNativeTarget "RWPickFlavor" */;
			buildPhases = (
				6DB160CD4F27FE38DD441A29 /* [CP] Check Pods Manifest.lock */,
				3FD773632448FDEA00C9CC90 /* Headers */,
				3FD773642448FDEA00C9CC90 /* Sources */,
				3FD773652448FDEA00C9CC90 /* Frameworks */,
				3FD773662448FDEA00C9CC90 /* Resources */,
			);
			buildRules = (
			);
			dependencies = (
			);
			name = RWPickFlavor;
			productName = RWPickFlavor;
			productReference = 3FD773682448FDEA00C9CC90 /* RWPickFlavor.framework */;
			productType = "com.apple.product-type.framework";
		};
/* End PBXNativeTarget section */

/* Begin PBXProject section */
		3FD7735F2448FDEA00C9CC90 /* Project object */ = {
			isa = PBXProject;
			attributes = {
				LastUpgradeCheck = 1140;
				ORGANIZATIONNAME = "Lagash Systems";
				TargetAttributes = {
					3FD773672448FDEA00C9CC90 = {
						CreatedOnToolsVersion = 11.4.1;
					};
				};
			};
			buildConfigurationList = 3FD773622448FDEA00C9CC90 /* Build configuration list for PBXProject "RWPickFlavor" */;
			compatibilityVersion = "Xcode 9.3";
			developmentRegion = en;
			hasScannedForEncodings = 0;
			knownRegions = (
				en,
				Base,
			);
			mainGroup = 3FD7735E2448FDEA00C9CC90;
			productRefGroup = 3FD773692448FDEA00C9CC90 /* Products */;
			projectDirPath = "";
			projectRoot = "";
			targets = (
				3FD773672448FDEA00C9CC90 /* RWPickFlavor */,
			);
		};
/* End PBXProject section */

/* Begin PBXResourcesBuildPhase section */
		3FD773662448FDEA00C9CC90 /* Resources */ = {
			isa = PBXResourcesBuildPhase;
			buildActionMask = 2147483647;
			files = (
				3FD77380244900A400C9CC90 /* Images.xcassets in Resources */,
				3FD77385244900A400C9CC90 /* Main.storyboard in Resources */,
			);
			runOnlyForDeploymentPostprocessing = 0;
		};
/* End PBXResourcesBuildPhase section */

/* Begin PBXShellScriptBuildPhase section */
		6DB160CD4F27FE38DD441A29 /* [CP] Check Pods Manifest.lock */ = {
			isa = PBXShellScriptBuildPhase;
			buildActionMask = 2147483647;
			files = (
			);
			inputFileListPaths = (
			);
			inputPaths = (
				"${PODS_PODFILE_DIR_PATH}/Podfile.lock",
				"${PODS_ROOT}/Manifest.lock",
			);
			name = "[CP] Check Pods Manifest.lock";
			outputFileListPaths = (
			);
			outputPaths = (
				"$(DERIVED_FILE_DIR)/Pods-RWPickFlavor-checkManifestLockResult.txt",
			);
			runOnlyForDeploymentPostprocessing = 0;
			shellPath = /bin/sh;
			shellScript = "diff \"${PODS_PODFILE_DIR_PATH}/Podfile.lock\" \"${PODS_ROOT}/Manifest.lock\" > /dev/null\nif [ $? != 0 ] ; then\n    # print error to STDERR\n    echo \"error: The sandbox is not in sync with the Podfile.lock. Run 'pod install' or update your CocoaPods installation.\" >&2\n    exit 1\nfi\n# This output is used by Xcode 'outputs' to avoid re-running this script phase.\necho \"SUCCESS\" > \"${SCRIPT_OUTPUT_FILE_0}\"\n";
			showEnvVarsInLog = 0;
		};
/* End PBXShellScriptBuildPhase section */

/* Begin PBXSourcesBuildPhase section */
		3FD773642448FDEA00C9CC90 /* Sources */ = {
			isa = PBXSourcesBuildPhase;
			buildActionMask = 2147483647;
			files = (
				3FD77383244900A400C9CC90 /* ScoopCell.swift in Sources */,
				3FD77384244900A400C9CC90 /* ScoopView.swift in Sources */,
				3FD77387244900A400C9CC90 /* RGBAColorFromString.swift in Sources */,
				3FD77381244900A400C9CC90 /* PickFlavorViewController.swift in Sources */,
				3FD77386244900A400C9CC90 /* IceCreamView.swift in Sources */,
				3FD77382244900A400C9CC90 /* PickFlavorDataSource.swift in Sources */,
			);
			runOnlyForDeploymentPostprocessing = 0;
		};
/* End PBXSourcesBuildPhase section */

/* Begin PBXVariantGroup section */
		3FD7737B244900A400C9CC90 /* Main.storyboard */ = {
			isa = PBXVariantGroup;
			children = (
				3FD7737C244900A400C9CC90 /* Base */,
			);
			name = Main.storyboard;
			sourceTree = "<group>";
		};
/* End PBXVariantGroup section */

/* Begin XCBuildConfiguration section */
		3FD7736E2448FDEA00C9CC90 /* Debug */ = {
			isa = XCBuildConfiguration;
			buildSettings = {
				ALWAYS_SEARCH_USER_PATHS = NO;
				CLANG_ANALYZER_NONNULL = YES;
				CLANG_ANALYZER_NUMBER_OBJECT_CONVERSION = YES_AGGRESSIVE;
				CLANG_CXX_LANGUAGE_STANDARD = "gnu++14";
				CLANG_CXX_LIBRARY = "libc++";
				CLANG_ENABLE_MODULES = YES;
				CLANG_ENABLE_OBJC_ARC = YES;
				CLANG_ENABLE_OBJC_WEAK = YES;
				CLANG_WARN_BLOCK_CAPTURE_AUTORELEASING = YES;
				CLANG_WARN_BOOL_CONVERSION = YES;
				CLANG_WARN_COMMA = YES;
				CLANG_WARN_CONSTANT_CONVERSION = YES;
				CLANG_WARN_DEPRECATED_OBJC_IMPLEMENTATIONS = YES;
				CLANG_WARN_DIRECT_OBJC_ISA_USAGE = YES_ERROR;
				CLANG_WARN_DOCUMENTATION_COMMENTS = YES;
				CLANG_WARN_EMPTY_BODY = YES;
				CLANG_WARN_ENUM_CONVERSION = YES;
				CLANG_WARN_INFINITE_RECURSION = YES;
				CLANG_WARN_INT_CONVERSION = YES;
				CLANG_WARN_NON_LITERAL_NULL_CONVERSION = YES;
				CLANG_WARN_OBJC_IMPLICIT_RETAIN_SELF = YES;
				CLANG_WARN_OBJC_LITERAL_CONVERSION = YES;
				CLANG_WARN_OBJC_ROOT_CLASS = YES_ERROR;
				CLANG_WARN_RANGE_LOOP_ANALYSIS = YES;
				CLANG_WARN_STRICT_PROTOTYPES = YES;
				CLANG_WARN_SUSPICIOUS_MOVE = YES;
				CLANG_WARN_UNGUARDED_AVAILABILITY = YES_AGGRESSIVE;
				CLANG_WARN_UNREACHABLE_CODE = YES;
				CLANG_WARN__DUPLICATE_METHOD_MATCH = YES;
				COPY_PHASE_STRIP = NO;
				CURRENT_PROJECT_VERSION = 1;
				DEBUG_INFORMATION_FORMAT = dwarf;
				ENABLE_STRICT_OBJC_MSGSEND = YES;
				ENABLE_TESTABILITY = YES;
				GCC_C_LANGUAGE_STANDARD = gnu11;
				GCC_DYNAMIC_NO_PIC = NO;
				GCC_NO_COMMON_BLOCKS = YES;
				GCC_OPTIMIZATION_LEVEL = 0;
				GCC_PREPROCESSOR_DEFINITIONS = (
					"DEBUG=1",
					"$(inherited)",
				);
				GCC_WARN_64_TO_32_BIT_CONVERSION = YES;
				GCC_WARN_ABOUT_RETURN_TYPE = YES_ERROR;
				GCC_WARN_UNDECLARED_SELECTOR = YES;
				GCC_WARN_UNINITIALIZED_AUTOS = YES_AGGRESSIVE;
				GCC_WARN_UNUSED_FUNCTION = YES;
				GCC_WARN_UNUSED_VARIABLE = YES;
				IPHONEOS_DEPLOYMENT_TARGET = 13.4;
				MTL_ENABLE_DEBUG_INFO = INCLUDE_SOURCE;
				MTL_FAST_MATH = YES;
				ONLY_ACTIVE_ARCH = YES;
				SDKROOT = iphoneos;
				SWIFT_ACTIVE_COMPILATION_CONDITIONS = DEBUG;
				SWIFT_OPTIMIZATION_LEVEL = "-Onone";
				VERSIONING_SYSTEM = "apple-generic";
				VERSION_INFO_PREFIX = "";
			};
			name = Debug;
		};
		3FD7736F2448FDEA00C9CC90 /* Release */ = {
			isa = XCBuildConfiguration;
			buildSettings = {
				ALWAYS_SEARCH_USER_PATHS = NO;
				CLANG_ANALYZER_NONNULL = YES;
				CLANG_ANALYZER_NUMBER_OBJECT_CONVERSION = YES_AGGRESSIVE;
				CLANG_CXX_LANGUAGE_STANDARD = "gnu++14";
				CLANG_CXX_LIBRARY = "libc++";
				CLANG_ENABLE_MODULES = YES;
				CLANG_ENABLE_OBJC_ARC = YES;
				CLANG_ENABLE_OBJC_WEAK = YES;
				CLANG_WARN_BLOCK_CAPTURE_AUTORELEASING = YES;
				CLANG_WARN_BOOL_CONVERSION = YES;
				CLANG_WARN_COMMA = YES;
				CLANG_WARN_CONSTANT_CONVERSION = YES;
				CLANG_WARN_DEPRECATED_OBJC_IMPLEMENTATIONS = YES;
				CLANG_WARN_DIRECT_OBJC_ISA_USAGE = YES_ERROR;
				CLANG_WARN_DOCUMENTATION_COMMENTS = YES;
				CLANG_WARN_EMPTY_BODY = YES;
				CLANG_WARN_ENUM_CONVERSION = YES;
				CLANG_WARN_INFINITE_RECURSION = YES;
				CLANG_WARN_INT_CONVERSION = YES;
				CLANG_WARN_NON_LITERAL_NULL_CONVERSION = YES;
				CLANG_WARN_OBJC_IMPLICIT_RETAIN_SELF = YES;
				CLANG_WARN_OBJC_LITERAL_CONVERSION = YES;
				CLANG_WARN_OBJC_ROOT_CLASS = YES_ERROR;
				CLANG_WARN_RANGE_LOOP_ANALYSIS = YES;
				CLANG_WARN_STRICT_PROTOTYPES = YES;
				CLANG_WARN_SUSPICIOUS_MOVE = YES;
				CLANG_WARN_UNGUARDED_AVAILABILITY = YES_AGGRESSIVE;
				CLANG_WARN_UNREACHABLE_CODE = YES;
				CLANG_WARN__DUPLICATE_METHOD_MATCH = YES;
				COPY_PHASE_STRIP = NO;
				CURRENT_PROJECT_VERSION = 1;
				DEBUG_INFORMATION_FORMAT = "dwarf-with-dsym";
				ENABLE_NS_ASSERTIONS = NO;
				ENABLE_STRICT_OBJC_MSGSEND = YES;
				GCC_C_LANGUAGE_STANDARD = gnu11;
				GCC_NO_COMMON_BLOCKS = YES;
				GCC_WARN_64_TO_32_BIT_CONVERSION = YES;
				GCC_WARN_ABOUT_RETURN_TYPE = YES_ERROR;
				GCC_WARN_UNDECLARED_SELECTOR = YES;
				GCC_WARN_UNINITIALIZED_AUTOS = YES_AGGRESSIVE;
				GCC_WARN_UNUSED_FUNCTION = YES;
				GCC_WARN_UNUSED_VARIABLE = YES;
				IPHONEOS_DEPLOYMENT_TARGET = 13.4;
				MTL_ENABLE_DEBUG_INFO = NO;
				MTL_FAST_MATH = YES;
				SDKROOT = iphoneos;
				SWIFT_COMPILATION_MODE = wholemodule;
				SWIFT_OPTIMIZATION_LEVEL = "-O";
				VALIDATE_PRODUCT = YES;
				VERSIONING_SYSTEM = "apple-generic";
				VERSION_INFO_PREFIX = "";
			};
			name = Release;
		};
		3FD773712448FDEA00C9CC90 /* Debug */ = {
			isa = XCBuildConfiguration;
			baseConfigurationReference = 591953A07544CB38AFD9BC30 /* Pods-RWPickFlavor.debug.xcconfig */;
			buildSettings = {
				CODE_SIGN_STYLE = Automatic;
				DEFINES_MODULE = YES;
				DYLIB_COMPATIBILITY_VERSION = 1;
				DYLIB_CURRENT_VERSION = 1;
				DYLIB_INSTALL_NAME_BASE = "@rpath";
				INFOPLIST_FILE = RWPickFlavor/Info.plist;
				INSTALL_PATH = "$(LOCAL_LIBRARY_DIR)/Frameworks";
				LD_RUNPATH_SEARCH_PATHS = (
					"$(inherited)",
					"@executable_path/Frameworks",
					"@loader_path/Frameworks",
				);
				PRODUCT_BUNDLE_IDENTIFIER = com.example.RWPickFlavor;
				PRODUCT_NAME = "$(TARGET_NAME:c99extidentifier)";
				SKIP_INSTALL = YES;
				SWIFT_VERSION = 5.0;
				TARGETED_DEVICE_FAMILY = "1,2";
			};
			name = Debug;
		};
		3FD773722448FDEA00C9CC90 /* Release */ = {
			isa = XCBuildConfiguration;
			baseConfigurationReference = D07B5954F3944036EF812DBA /* Pods-RWPickFlavor.release.xcconfig */;
			buildSettings = {
				CODE_SIGN_STYLE = Automatic;
				DEFINES_MODULE = YES;
				DYLIB_COMPATIBILITY_VERSION = 1;
				DYLIB_CURRENT_VERSION = 1;
				DYLIB_INSTALL_NAME_BASE = "@rpath";
				INFOPLIST_FILE = RWPickFlavor/Info.plist;
				INSTALL_PATH = "$(LOCAL_LIBRARY_DIR)/Frameworks";
				LD_RUNPATH_SEARCH_PATHS = (
					"$(inherited)",
					"@executable_path/Frameworks",
					"@loader_path/Frameworks",
				);
				PRODUCT_BUNDLE_IDENTIFIER = com.example.RWPickFlavor;
				PRODUCT_NAME = "$(TARGET_NAME:c99extidentifier)";
				SKIP_INSTALL = YES;
				SWIFT_VERSION = 5.0;
				TARGETED_DEVICE_FAMILY = "1,2";
			};
			name = Release;
		};
/* End XCBuildConfiguration section */

/* Begin XCConfigurationList section */
		3FD773622448FDEA00C9CC90 /* Build configuration list for PBXProject "RWPickFlavor" */ = {
			isa = XCConfigurationList;
			buildConfigurations = (
				3FD7736E2448FDEA00C9CC90 /* Debug */,
				3FD7736F2448FDEA00C9CC90 /* Release */,
			);
			defaultConfigurationIsVisible = 0;
			defaultConfigurationName = Release;
		};
		3FD773702448FDEA00C9CC90 /* Build configuration list for PBXNativeTarget "RWPickFlavor" */ = {
			isa = XCConfigurationList;
			buildConfigurations = (
				3FD773712448FDEA00C9CC90 /* Debug */,
				3FD773722448FDEA00C9CC90 /* Release */,
			);
			defaultConfigurationIsVisible = 0;
			defaultConfigurationName = Release;
		};
/* End XCConfigurationList section */
	};
	rootObject = 3FD7735F2448FDEA00C9CC90 /* Project object */;
}
